
Microsoft Visual Studio Solution File, Format Version 12.00
# Visual Studio 2013
VisualStudioVersion = 12.0.40629.0
MinimumVisualStudioVersion = 10.0.40219.1
Project("{8BC9CEB8-8B4A-11D0-8D11-00A0C91BC942}") = "caffe", "caffe\caffe.vcxproj", "{3845372A-C251-4DB8-8826-4C8F596C9087}"
EndProject
Project("{8BC9CEB8-8B4A-11D0-8D11-00A0C91BC942}") = "proto", "proto\proto.vcxproj", "{7749F78B-A65E-40F3-9C35-3F85454B07CA}"
EndProject
Project("{2150E333-8FDC-42A3-9474-1A3956D46DE8}") = "tools", "tools", "{516DB7E7-4B46-4E73-B4A5-D4357C9CA9F3}"
EndProject
Project("{8BC9CEB8-8B4A-11D0-8D11-00A0C91BC942}") = "compute_image_mean", "compute_image_mean\compute_image_mean.vcxproj", "{97692B14-4643-4B98-A08E-45FB113042F3}"
EndProject
Project("{8BC9CEB8-8B4A-11D0-8D11-00A0C91BC942}") = "convert_imageset", "convert_imageset\convert_imageset.vcxproj", "{2EAE5C48-7A79-45F6-9076-5FFB8916D998}"
EndProject
Project("{8BC9CEB8-8B4A-11D0-8D11-00A0C91BC942}") = "extract_features", "extract_features\extract_features.vcxproj", "{550ACB9D-3862-407E-994C-C027206FB45E}"
EndProject
Project("{8BC9CEB8-8B4A-11D0-8D11-00A0C91BC942}") = "upgrade_net_proto_binary", "upgrade_net_proto_binary\upgrade_net_proto_binary.vcxproj", "{69FE3539-8912-4C80-85C1-FEAE856F4D1A}"
EndProject
Project("{8BC9CEB8-8B4A-11D0-8D11-00A0C91BC942}") = "upgrade_net_proto_text", "upgrade_net_proto_text\upgrade_net_proto_text.vcxproj", "{2E004266-85CE-4566-9D81-616E3A754339}"
EndProject
Project("{2150E333-8FDC-42A3-9474-1A3956D46DE8}") = "examples", "examples", "{BF923276-730F-4E48-BC8D-BE33A26E1858}"
EndProject
Project("{8BC9CEB8-8B4A-11D0-8D11-00A0C91BC942}") = "classification", "classification\classification.vcxproj", "{C7A18B63-B507-4CDF-A954-F604B3C33D3B}"
EndProject
Project("{8BC9CEB8-8B4A-11D0-8D11-00A0C91BC942}") = "convert_cifar_data", "convert_cifar_data\convert_cifar_data.vcxproj", "{05E522D8-34DD-4213-A6EF-C0751EEB247B}"
EndProject
Project("{8BC9CEB8-8B4A-11D0-8D11-00A0C91BC942}") = "convert_mnist_data", "convert_mnist_data\convert_mnist_data.vcxproj", "{05CAC847-3403-4737-92E2-EF997C6921EE}"
EndProject
Project("{8BC9CEB8-8B4A-11D0-8D11-00A0C91BC942}") = "convert_mnist_siamese_data", "convert_mnist_siamese_data\convert_mnist_siamese_data.vcxproj", "{B24245A3-7D6F-4C67-B419-879DC9ED1CC0}"
EndProject
Project("{8BC9CEB8-8B4A-11D0-8D11-00A0C91BC942}") = "caffe_bin", "caffe_bin\caffe_bin.vcxproj", "{F8E25F8C-36CC-4F7B-97CE-F4CB557A78E6}"
EndProject
Global
	GlobalSection(SolutionConfigurationPlatforms) = preSolution
		Debug|x64 = Debug|x64
		Release|x64 = Release|x64
	EndGlobalSection
	GlobalSection(ProjectConfigurationPlatforms) = postSolution
		{3845372A-C251-4DB8-8826-4C8F596C9087}.Debug|x64.ActiveCfg = Debug|x64
		{3845372A-C251-4DB8-8826-4C8F596C9087}.Debug|x64.Build.0 = Debug|x64
		{3845372A-C251-4DB8-8826-4C8F596C9087}.Release|x64.ActiveCfg = Release|x64
		{3845372A-C251-4DB8-8826-4C8F596C9087}.Release|x64.Build.0 = Release|x64
		{7749F78B-A65E-40F3-9C35-3F85454B07CA}.Debug|x64.ActiveCfg = Debug|x64
		{7749F78B-A65E-40F3-9C35-3F85454B07CA}.Release|x64.ActiveCfg = Release|x64
		{7749F78B-A65E-40F3-9C35-3F85454B07CA}.Release|x64.Build.0 = Release|x64
		{97692B14-4643-4B98-A08E-45FB113042F3}.Debug|x64.ActiveCfg = Debug|x64
		{97692B14-4643-4B98-A08E-45FB113042F3}.Debug|x64.Build.0 = Debug|x64
		{97692B14-4643-4B98-A08E-45FB113042F3}.Release|x64.ActiveCfg = Release|x64
		{97692B14-4643-4B98-A08E-45FB113042F3}.Release|x64.Build.0 = Release|x64
		{2EAE5C48-7A79-45F6-9076-5FFB8916D998}.Debug|x64.ActiveCfg = Debug|x64
		{2EAE5C48-7A79-45F6-9076-5FFB8916D998}.Debug|x64.Build.0 = Debug|x64
		{2EAE5C48-7A79-45F6-9076-5FFB8916D998}.Release|x64.ActiveCfg = Release|x64
		{2EAE5C48-7A79-45F6-9076-5FFB8916D998}.Release|x64.Build.0 = Release|x64
		{550ACB9D-3862-407E-994C-C027206FB45E}.Debug|x64.ActiveCfg = Debug|x64
		{550ACB9D-3862-407E-994C-C027206FB45E}.Debug|x64.Build.0 = Debug|x64
		{550ACB9D-3862-407E-994C-C027206FB45E}.Release|x64.ActiveCfg = Release|x64
		{550ACB9D-3862-407E-994C-C027206FB45E}.Release|x64.Build.0 = Release|x64
		{69FE3539-8912-4C80-85C1-FEAE856F4D1A}.Debug|x64.ActiveCfg = Debug|x64
		{69FE3539-8912-4C80-85C1-FEAE856F4D1A}.Debug|x64.Build.0 = Debug|x64
		{69FE3539-8912-4C80-85C1-FEAE856F4D1A}.Release|x64.ActiveCfg = Release|x64
		{69FE3539-8912-4C80-85C1-FEAE856F4D1A}.Release|x64.Build.0 = Release|x64
		{2E004266-85CE-4566-9D81-616E3A754339}.Debug|x64.ActiveCfg = Debug|x64
		{2E004266-85CE-4566-9D81-616E3A754339}.Debug|x64.Build.0 = Debug|x64
		{2E004266-85CE-4566-9D81-616E3A754339}.Release|x64.ActiveCfg = Release|x64
		{2E004266-85CE-4566-9D81-616E3A754339}.Release|x64.Build.0 = Release|x64
		{C7A18B63-B507-4CDF-A954-F604B3C33D3B}.Debug|x64.ActiveCfg = Debug|x64
		{C7A18B63-B507-4CDF-A954-F604B3C33D3B}.Debug|x64.Build.0 = Debug|x64
		{C7A18B63-B507-4CDF-A954-F604B3C33D3B}.Release|x64.ActiveCfg = Release|x64
		{C7A18B63-B507-4CDF-A954-F604B3C33D3B}.Release|x64.Build.0 = Release|x64
		{05E522D8-34DD-4213-A6EF-C0751EEB247B}.Debug|x64.ActiveCfg = Debug|x64
		{05E522D8-34DD-4213-A6EF-C0751EEB247B}.Debug|x64.Build.0 = Debug|x64
		{05E522D8-34DD-4213-A6EF-C0751EEB247B}.Release|x64.ActiveCfg = Release|x64
		{05E522D8-34DD-4213-A6EF-C0751EEB247B}.Release|x64.Build.0 = Release|x64
		{05CAC847-3403-4737-92E2-EF997C6921EE}.Debug|x64.ActiveCfg = Debug|x64
		{05CAC847-3403-4737-92E2-EF997C6921EE}.Debug|x64.Build.0 = Debug|x64
		{05CAC847-3403-4737-92E2-EF997C6921EE}.Release|x64.ActiveCfg = Release|x64
		{05CAC847-3403-4737-92E2-EF997C6921EE}.Release|x64.Build.0 = Release|x64
		{B24245A3-7D6F-4C67-B419-879DC9ED1CC0}.Debug|x64.ActiveCfg = Debug|x64
		{B24245A3-7D6F-4C67-B419-879DC9ED1CC0}.Debug|x64.Build.0 = Debug|x64
		{B24245A3-7D6F-4C67-B419-879DC9ED1CC0}.Release|x64.ActiveCfg = Release|x64
		{B24245A3-7D6F-4C67-B419-879DC9ED1CC0}.Release|x64.Build.0 = Release|x64
		{F8E25F8C-36CC-4F7B-97CE-F4CB557A78E6}.Debug|x64.ActiveCfg = Debug|x64
		{F8E25F8C-36CC-4F7B-97CE-F4CB557A78E6}.Debug|x64.Build.0 = Debug|x64
		{F8E25F8C-36CC-4F7B-97CE-F4CB557A78E6}.Release|x64.ActiveCfg = Release|x64
		{F8E25F8C-36CC-4F7B-97CE-F4CB557A78E6}.Release|x64.Build.0 = Release|x64
	EndGlobalSection
	GlobalSection(SolutionProperties) = preSolution
		HideSolutionNode = FALSE
	EndGlobalSection
	GlobalSection(NestedProjects) = preSolution
		{97692B14-4643-4B98-A08E-45FB113042F3} = {516DB7E7-4B46-4E73-B4A5-D4357C9CA9F3}
		{2EAE5C48-7A79-45F6-9076-5FFB8916D998} = {516DB7E7-4B46-4E73-B4A5-D4357C9CA9F3}
		{550ACB9D-3862-407E-994C-C027206FB45E} = {516DB7E7-4B46-4E73-B4A5-D4357C9CA9F3}
		{69FE3539-8912-4C80-85C1-FEAE856F4D1A} = {516DB7E7-4B46-4E73-B4A5-D4357C9CA9F3}
		{2E004266-85CE-4566-9D81-616E3A754339} = {516DB7E7-4B46-4E73-B4A5-D4357C9CA9F3}
		{C7A18B63-B507-4CDF-A954-F604B3C33D3B} = {BF923276-730F-4E48-BC8D-BE33A26E1858}
		{05E522D8-34DD-4213-A6EF-C0751EEB247B} = {BF923276-730F-4E48-BC8D-BE33A26E1858}
		{05CAC847-3403-4737-92E2-EF997C6921EE} = {BF923276-730F-4E48-BC8D-BE33A26E1858}
		{B24245A3-7D6F-4C67-B419-879DC9ED1CC0} = {BF923276-730F-4E48-BC8D-BE33A26E1858}
		{F8E25F8C-36CC-4F7B-97CE-F4CB557A78E6} = {516DB7E7-4B46-4E73-B4A5-D4357C9CA9F3}
	EndGlobalSection
EndGlobal
